
Microsoft Visual Studio Solution File, Format Version 12.00
# Visual Studio Version 17
VisualStudioVersion = 17.8.34330.188
MinimumVisualStudioVersion = 10.0.40219.1
Project("{9A19103F-16F7-4668-BE54-9A1E7A4F7556}") = "Calculadora", "Calculadora\Calculadora.csproj", "{EAF66217-612B-4F02-913E-B58989968070}"
EndProject
Project("{54435603-DBB4-11D2-8724-00A0C9A8B90C}") = "SetupCal", "SetupCal\SetupCal.vdproj", "{97D194E8-3E8D-4C8A-9315-7B1A9F70A9F9}"
EndProject
Global
	GlobalSection(SolutionConfigurationPlatforms) = preSolution
		Debug|Any CPU = Debug|Any CPU
		Release|Any CPU = Release|Any CPU
	EndGlobalSection
	GlobalSection(ProjectConfigurationPlatforms) = postSolution
		{EAF66217-612B-4F02-913E-B58989968070}.Debug|Any CPU.ActiveCfg = Release|Any CPU
		{EAF66217-612B-4F02-913E-B58989968070}.Debug|Any CPU.Build.0 = Release|Any CPU
		{EAF66217-612B-4F02-913E-B58989968070}.Release|Any CPU.ActiveCfg = Release|Any CPU
		{EAF66217-612B-4F02-913E-B58989968070}.Release|Any CPU.Build.0 = Release|Any CPU
		{97D194E8-3E8D-4C8A-9315-7B1A9F70A9F9}.Debug|Any CPU.ActiveCfg = Debug
		{97D194E8-3E8D-4C8A-9315-7B1A9F70A9F9}.Release|Any CPU.ActiveCfg = Release
	EndGlobalSection
	GlobalSection(SolutionProperties) = preSolution
		HideSolutionNode = FALSE
	EndGlobalSection
	GlobalSection(ExtensibilityGlobals) = postSolution
		SolutionGuid = {E265B552-A814-4918-A8BB-A6ACD190F8BD}
	EndGlobalSection
EndGlobal
